
Microsoft Visual Studio Solution File, Format Version 10.00
# Visual Studio 2008
Project("{2150E333-8FDC-42A3-9474-1A3956D46DE8}") = "Support", "Support", "{E447458B-98AB-4E93-94ED-E1743DA08BFD}"
	ProjectSection(SolutionItems) = preProject
		..\Support\ToDoList.txt = ..\Support\ToDoList.txt
	EndProjectSection
EndProject
Project("{FAE04EC0-301F-11D3-BF4B-00C04F79EFBC}") = "Backend", "Backend\Backend.csproj", "{D0FF3027-86B7-4D5E-9556-C69030FF34A0}"
EndProject
Project("{FAE04EC0-301F-11D3-BF4B-00C04F79EFBC}") = "Backend.Tests", "Backend.Tests\Backend.Tests.csproj", "{4DC98081-F7B6-44AF-A730-F7C61E91E0B4}"
EndProject
Project("{2150E333-8FDC-42A3-9474-1A3956D46DE8}") = "Solution Items", "Solution Items", "{3702C121-4BA3-4853-93B0-7698A00BF586}"
	ProjectSection(SolutionItems) = preProject
		Microgestion2.vsmdi = Microgestion2.vsmdi
	EndProjectSection
EndProject
Project("{FAE04EC0-301F-11D3-BF4B-00C04F79EFBC}") = "Frontend", "Frontend\Frontend.csproj", "{422E8B0E-3D8F-4B1E-BBF0-9DFB7A5039B8}"
EndProject
Project("{2150E333-8FDC-42A3-9474-1A3956D46DE8}") = "Tests", "Tests", "{89BBB675-198F-4632-80F7-C9DDAB5D9E58}"
EndProject
Project("{4F174C21-8C12-11D0-8340-0000F80270F8}") = "Database", "Database\Database.dbp", "{86043545-D7D2-4241-9EBC-4843D5D6DCCE}"
EndProject
Project("{FAE04EC0-301F-11D3-BF4B-00C04F79EFBC}") = "Frontend.Stock.Wpf", "Frontend.Stock.Wpf\Frontend.Stock.Wpf.csproj", "{C39A8DD0-2A39-433C-9935-8829790112EA}"
EndProject
Project("{FAE04EC0-301F-11D3-BF4B-00C04F79EFBC}") = "Frontend.Common", "Frontend.Common\Frontend.Common.csproj", "{F8991E4A-E8CD-46C7-9FE7-F1994536413D}"
EndProject
Project("{54435603-DBB4-11D2-8724-00A0C9A8B90C}") = "Installer", "Installer\Installer.vdproj", "{ED77E1DD-26FD-4602-A344-D08D97236893}"
EndProject
Project("{FAE04EC0-301F-11D3-BF4B-00C04F79EFBC}") = "Frontend.Sales.Wpf", "Frontend.Sales.Wpf\Frontend.Sales.Wpf.csproj", "{C871A283-F02A-4079-A584-7D2192EA4E01}"
EndProject
Global
	GlobalSection(TestCaseManagementSettings) = postSolution
		CategoryFile = Microgestion2.vsmdi
	EndGlobalSection
	GlobalSection(SolutionConfigurationPlatforms) = preSolution
		Debug|Any CPU = Debug|Any CPU
		Release|Any CPU = Release|Any CPU
	EndGlobalSection
	GlobalSection(ProjectConfigurationPlatforms) = postSolution
		{D0FF3027-86B7-4D5E-9556-C69030FF34A0}.Debug|Any CPU.ActiveCfg = Debug|Any CPU
		{D0FF3027-86B7-4D5E-9556-C69030FF34A0}.Debug|Any CPU.Build.0 = Debug|Any CPU
		{D0FF3027-86B7-4D5E-9556-C69030FF34A0}.Release|Any CPU.ActiveCfg = Release|Any CPU
		{D0FF3027-86B7-4D5E-9556-C69030FF34A0}.Release|Any CPU.Build.0 = Release|Any CPU
		{4DC98081-F7B6-44AF-A730-F7C61E91E0B4}.Debug|Any CPU.ActiveCfg = Debug|Any CPU
		{4DC98081-F7B6-44AF-A730-F7C61E91E0B4}.Debug|Any CPU.Build.0 = Debug|Any CPU
		{4DC98081-F7B6-44AF-A730-F7C61E91E0B4}.Release|Any CPU.ActiveCfg = Release|Any CPU
		{4DC98081-F7B6-44AF-A730-F7C61E91E0B4}.Release|Any CPU.Build.0 = Release|Any CPU
		{422E8B0E-3D8F-4B1E-BBF0-9DFB7A5039B8}.Debug|Any CPU.ActiveCfg = Debug|Any CPU
		{422E8B0E-3D8F-4B1E-BBF0-9DFB7A5039B8}.Debug|Any CPU.Build.0 = Debug|Any CPU
		{422E8B0E-3D8F-4B1E-BBF0-9DFB7A5039B8}.Release|Any CPU.ActiveCfg = Release|Any CPU
		{422E8B0E-3D8F-4B1E-BBF0-9DFB7A5039B8}.Release|Any CPU.Build.0 = Release|Any CPU
		{C39A8DD0-2A39-433C-9935-8829790112EA}.Debug|Any CPU.ActiveCfg = Debug|Any CPU
		{C39A8DD0-2A39-433C-9935-8829790112EA}.Debug|Any CPU.Build.0 = Debug|Any CPU
		{C39A8DD0-2A39-433C-9935-8829790112EA}.Release|Any CPU.ActiveCfg = Release|Any CPU
		{C39A8DD0-2A39-433C-9935-8829790112EA}.Release|Any CPU.Build.0 = Release|Any CPU
		{F8991E4A-E8CD-46C7-9FE7-F1994536413D}.Debug|Any CPU.ActiveCfg = Debug|Any CPU
		{F8991E4A-E8CD-46C7-9FE7-F1994536413D}.Debug|Any CPU.Build.0 = Debug|Any CPU
		{F8991E4A-E8CD-46C7-9FE7-F1994536413D}.Release|Any CPU.ActiveCfg = Release|Any CPU
		{F8991E4A-E8CD-46C7-9FE7-F1994536413D}.Release|Any CPU.Build.0 = Release|Any CPU
		{ED77E1DD-26FD-4602-A344-D08D97236893}.Debug|Any CPU.ActiveCfg = Debug
		{ED77E1DD-26FD-4602-A344-D08D97236893}.Release|Any CPU.ActiveCfg = Release
		{C871A283-F02A-4079-A584-7D2192EA4E01}.Debug|Any CPU.ActiveCfg = Debug|Any CPU
		{C871A283-F02A-4079-A584-7D2192EA4E01}.Debug|Any CPU.Build.0 = Debug|Any CPU
		{C871A283-F02A-4079-A584-7D2192EA4E01}.Release|Any CPU.ActiveCfg = Release|Any CPU
		{C871A283-F02A-4079-A584-7D2192EA4E01}.Release|Any CPU.Build.0 = Release|Any CPU
	EndGlobalSection
	GlobalSection(SolutionProperties) = preSolution
		HideSolutionNode = FALSE
	EndGlobalSection
	GlobalSection(NestedProjects) = preSolution
		{4DC98081-F7B6-44AF-A730-F7C61E91E0B4} = {89BBB675-198F-4632-80F7-C9DDAB5D9E58}
	EndGlobalSection
EndGlobal
